// !$*UTF8*$!
{
	archiveVersion = 1;
	classes = {
	};
	objectVersion = 56;
	objects = {

/* Begin PBXBuildFile section */
		B4013635291B05BA005DFE93 /* MarqueeTile.swift in Sources */ = {isa = PBXBuildFile; fileRef = B4013634291B05BA005DFE93 /* MarqueeTile.swift */; };
		B4013637291B0616005DFE93 /* InfiniteScroller.swift in Sources */ = {isa = PBXBuildFile; fileRef = B4013636291B0616005DFE93 /* InfiniteScroller.swift */; };
		B401363B291C5EF8005DFE93 /* CustomizeGamePlayView.swift in Sources */ = {isa = PBXBuildFile; fileRef = B401363A291C5EF8005DFE93 /* CustomizeGamePlayView.swift */; };
		B401363D291C604C005DFE93 /* GameplayViewModel.swift in Sources */ = {isa = PBXBuildFile; fileRef = B401363C291C604C005DFE93 /* GameplayViewModel.swift */; };
		B4013640291C82C6005DFE93 /* SkeletonUI in Frameworks */ = {isa = PBXBuildFile; productRef = B401363F291C82C6005DFE93 /* SkeletonUI */; };
		B4013642291C82EE005DFE93 /* SkeletonCard.swift in Sources */ = {isa = PBXBuildFile; fileRef = B4013641291C82EE005DFE93 /* SkeletonCard.swift */; };
		B4013644291C8986005DFE93 /* GameplayCard.swift in Sources */ = {isa = PBXBuildFile; fileRef = B4013643291C8986005DFE93 /* GameplayCard.swift */; };
		B4013647291DA87E005DFE93 /* RuleEditorView.swift in Sources */ = {isa = PBXBuildFile; fileRef = B4013646291DA87E005DFE93 /* RuleEditorView.swift */; };
		B4013649291DA888005DFE93 /* RuleEditorViewModel.swift in Sources */ = {isa = PBXBuildFile; fileRef = B4013648291DA888005DFE93 /* RuleEditorViewModel.swift */; };
		B401364B291DB80E005DFE93 /* Firebase+Rules.swift in Sources */ = {isa = PBXBuildFile; fileRef = B401364A291DB80E005DFE93 /* Firebase+Rules.swift */; };
		B401364D291DB822005DFE93 /* Firebase+Pack.swift in Sources */ = {isa = PBXBuildFile; fileRef = B401364C291DB822005DFE93 /* Firebase+Pack.swift */; };
		B401364F291DBBF4005DFE93 /* Firebase+Auth.swift in Sources */ = {isa = PBXBuildFile; fileRef = B401364E291DBBF4005DFE93 /* Firebase+Auth.swift */; };
		B4013651291DBEC8005DFE93 /* Time.swift in Sources */ = {isa = PBXBuildFile; fileRef = B4013650291DBEC8005DFE93 /* Time.swift */; };
		B4013653291DC050005DFE93 /* Date.swift in Sources */ = {isa = PBXBuildFile; fileRef = B4013652291DC050005DFE93 /* Date.swift */; };
		B4013655291DC21D005DFE93 /* Realm+Codable.swift in Sources */ = {isa = PBXBuildFile; fileRef = B4013654291DC21D005DFE93 /* Realm+Codable.swift */; };
		B4013657291DC226005DFE93 /* Realm+Generic.swift in Sources */ = {isa = PBXBuildFile; fileRef = B4013656291DC226005DFE93 /* Realm+Generic.swift */; };
		B4013659291DC29B005DFE93 /* Firebase+Generic.swift in Sources */ = {isa = PBXBuildFile; fileRef = B4013658291DC29B005DFE93 /* Firebase+Generic.swift */; };
		B401365B291DC536005DFE93 /* Firebase+Query.swift in Sources */ = {isa = PBXBuildFile; fileRef = B401365A291DC536005DFE93 /* Firebase+Query.swift */; };
		B404FAFD29232E2E00FB9A2B /* RuleViewer.swift in Sources */ = {isa = PBXBuildFile; fileRef = B404FAFC29232E2E00FB9A2B /* RuleViewer.swift */; };
		B404FAFF292336D800FB9A2B /* String.swift in Sources */ = {isa = PBXBuildFile; fileRef = B404FAFE292336D800FB9A2B /* String.swift */; };
		B404FB0229245C7E00FB9A2B /* SwiftPrettyPrint in Frameworks */ = {isa = PBXBuildFile; productRef = B404FB0129245C7E00FB9A2B /* SwiftPrettyPrint */; };
		B404FB0429245C8C00FB9A2B /* Pretty.swift in Sources */ = {isa = PBXBuildFile; fileRef = B404FB0329245C8C00FB9A2B /* Pretty.swift */; };
		B404FB06292819C600FB9A2B /* RuleFilter.swift in Sources */ = {isa = PBXBuildFile; fileRef = B404FB05292819C600FB9A2B /* RuleFilter.swift */; };
		B404FB0A292844B300FB9A2B /* GameplayRow.swift in Sources */ = {isa = PBXBuildFile; fileRef = B404FB09292844B300FB9A2B /* GameplayRow.swift */; };
		B4336B812905E11000063677 /* HackersApp.swift in Sources */ = {isa = PBXBuildFile; fileRef = B4336B802905E11000063677 /* HackersApp.swift */; };
		B4336B852905E11100063677 /* Colors.xcassets in Resources */ = {isa = PBXBuildFile; fileRef = B4336B842905E11100063677 /* Colors.xcassets */; };
		B4336B932905E11100063677 /* HackersTests.swift in Sources */ = {isa = PBXBuildFile; fileRef = B4336B922905E11100063677 /* HackersTests.swift */; };
		B4336BAC2905E2B600063677 /* AppDelegate.swift in Sources */ = {isa = PBXBuildFile; fileRef = B4336BAB2905E2B600063677 /* AppDelegate.swift */; };
		B4336BAF2905E7E900063677 /* GoogleSignIn in Frameworks */ = {isa = PBXBuildFile; productRef = B4336BAE2905E7E900063677 /* GoogleSignIn */; };
		B4336BB12905E7E900063677 /* GoogleSignInSwift in Frameworks */ = {isa = PBXBuildFile; productRef = B4336BB02905E7E900063677 /* GoogleSignInSwift */; };
		B4336BB42905E85300063677 /* FirebaseAnalytics in Frameworks */ = {isa = PBXBuildFile; productRef = B4336BB32905E85300063677 /* FirebaseAnalytics */; };
		B4336BB62905E85300063677 /* FirebaseAnalyticsSwift in Frameworks */ = {isa = PBXBuildFile; productRef = B4336BB52905E85300063677 /* FirebaseAnalyticsSwift */; };
		B4336BB82905E85300063677 /* FirebaseAuth in Frameworks */ = {isa = PBXBuildFile; productRef = B4336BB72905E85300063677 /* FirebaseAuth */; };
		B4336BBA2905E85300063677 /* FirebaseFirestore in Frameworks */ = {isa = PBXBuildFile; productRef = B4336BB92905E85300063677 /* FirebaseFirestore */; };
		B4336BBC2905E85300063677 /* FirebaseFirestoreSwift in Frameworks */ = {isa = PBXBuildFile; productRef = B4336BBB2905E85300063677 /* FirebaseFirestoreSwift */; };
		B4336BBF2905E8B200063677 /* Realm in Frameworks */ = {isa = PBXBuildFile; productRef = B4336BBE2905E8B200063677 /* Realm */; };
		B4336BC12905E8B200063677 /* RealmSwift in Frameworks */ = {isa = PBXBuildFile; productRef = B4336BC02905E8B200063677 /* RealmSwift */; };
		B4336BC42905E8E500063677 /* AlertToast in Frameworks */ = {isa = PBXBuildFile; productRef = B4336BC32905E8E500063677 /* AlertToast */; };
		B4336BC72905E97800063677 /* Sentry in Frameworks */ = {isa = PBXBuildFile; productRef = B4336BC62905E97800063677 /* Sentry */; };
		B4336BCF2905ECF500063677 /* LandingView.swift in Sources */ = {isa = PBXBuildFile; fileRef = B4336BCE2905ECF500063677 /* LandingView.swift */; };
		B4336BD32905ED4200063677 /* Alerts.swift in Sources */ = {isa = PBXBuildFile; fileRef = B4336BD22905ED4200063677 /* Alerts.swift */; };
		B4336BD52905ED5C00063677 /* Typealias.swift in Sources */ = {isa = PBXBuildFile; fileRef = B4336BD42905ED5C00063677 /* Typealias.swift */; };
		B4336BD92905EDEE00063677 /* ColorPalette.swift in Sources */ = {isa = PBXBuildFile; fileRef = B4336BD82905EDEE00063677 /* ColorPalette.swift */; };
		B4336BDB2905EDF300063677 /* Haptics.swift in Sources */ = {isa = PBXBuildFile; fileRef = B4336BDA2905EDF300063677 /* Haptics.swift */; };
		B4336BDD2905EE0400063677 /* Constants.swift in Sources */ = {isa = PBXBuildFile; fileRef = B4336BDC2905EE0400063677 /* Constants.swift */; };
		B4336BDF2905EE4700063677 /* Notifications.swift in Sources */ = {isa = PBXBuildFile; fileRef = B4336BDE2905EE4700063677 /* Notifications.swift */; };
		B4336BEB2905EF8F00063677 /* FirebaseService.swift in Sources */ = {isa = PBXBuildFile; fileRef = B4336BEA2905EF8F00063677 /* FirebaseService.swift */; };
		B4336BED2905EF9F00063677 /* RealmService.swift in Sources */ = {isa = PBXBuildFile; fileRef = B4336BEC2905EF9F00063677 /* RealmService.swift */; };
		B4336BEF2905EFA600063677 /* SentryService.swift in Sources */ = {isa = PBXBuildFile; fileRef = B4336BEE2905EFA600063677 /* SentryService.swift */; };
		B4336BF329070E5600063677 /* Errors.swift in Sources */ = {isa = PBXBuildFile; fileRef = B4336BF229070E5600063677 /* Errors.swift */; };
		B4336BF52907102D00063677 /* AlertView.swift in Sources */ = {isa = PBXBuildFile; fileRef = B4336BF42907102D00063677 /* AlertView.swift */; };
		B4336BF72907106800063677 /* Font.swift in Sources */ = {isa = PBXBuildFile; fileRef = B4336BF62907106800063677 /* Font.swift */; };
		B4336C06290711E500063677 /* font-awesome-6-regular.otf in Resources */ = {isa = PBXBuildFile; fileRef = B4336C00290711E500063677 /* font-awesome-6-regular.otf */; };
		B4336C07290711E500063677 /* font-awesome-6-light.otf in Resources */ = {isa = PBXBuildFile; fileRef = B4336C01290711E500063677 /* font-awesome-6-light.otf */; };
		B4336C08290711E500063677 /* font-awesome-6-brands.otf in Resources */ = {isa = PBXBuildFile; fileRef = B4336C02290711E500063677 /* font-awesome-6-brands.otf */; };
		B4336C09290711E500063677 /* font-awesome-6-duotone.otf in Resources */ = {isa = PBXBuildFile; fileRef = B4336C03290711E500063677 /* font-awesome-6-duotone.otf */; };
		B4336C0A290711E500063677 /* font-awesome-6-solid.otf in Resources */ = {isa = PBXBuildFile; fileRef = B4336C04290711E500063677 /* font-awesome-6-solid.otf */; };
		B4336C0B290711E500063677 /* font-awesome-6-thin.otf in Resources */ = {isa = PBXBuildFile; fileRef = B4336C05290711E500063677 /* font-awesome-6-thin.otf */; };
		B4336C12290711EE00063677 /* DMSans-BoldItalic.ttf in Resources */ = {isa = PBXBuildFile; fileRef = B4336C0C290711EE00063677 /* DMSans-BoldItalic.ttf */; };
		B4336C13290711EE00063677 /* DMSans-MediumItalic.ttf in Resources */ = {isa = PBXBuildFile; fileRef = B4336C0D290711EE00063677 /* DMSans-MediumItalic.ttf */; };
		B4336C14290711EE00063677 /* DMSans-Bold.ttf in Resources */ = {isa = PBXBuildFile; fileRef = B4336C0E290711EE00063677 /* DMSans-Bold.ttf */; };
		B4336C15290711EE00063677 /* DMSans-Medium.ttf in Resources */ = {isa = PBXBuildFile; fileRef = B4336C0F290711EE00063677 /* DMSans-Medium.ttf */; };
		B4336C16290711EE00063677 /* DMSans-Italic.ttf in Resources */ = {isa = PBXBuildFile; fileRef = B4336C10290711EE00063677 /* DMSans-Italic.ttf */; };
		B4336C17290711EE00063677 /* DMSans-Regular.ttf in Resources */ = {isa = PBXBuildFile; fileRef = B4336C11290711EE00063677 /* DMSans-Regular.ttf */; };
		B4336C19290712B600063677 /* Images.xcassets in Resources */ = {isa = PBXBuildFile; fileRef = B4336C18290712B600063677 /* Images.xcassets */; };
		B4336C1C2907131A00063677 /* GoogleService-Info.plist in Resources */ = {isa = PBXBuildFile; fileRef = B4336C1B2907131A00063677 /* GoogleService-Info.plist */; };
		B4336C1E290713D700063677 /* Icons.xcassets in Resources */ = {isa = PBXBuildFile; fileRef = B4336C1D290713D700063677 /* Icons.xcassets */; };
		B4336C202907151700063677 /* Styling.swift in Sources */ = {isa = PBXBuildFile; fileRef = B4336C1F2907151700063677 /* Styling.swift */; };
		B4336C222907158A00063677 /* Blur.swift in Sources */ = {isa = PBXBuildFile; fileRef = B4336C212907158A00063677 /* Blur.swift */; };
		B4336C2429071A5A00063677 /* AppSession.swift in Sources */ = {isa = PBXBuildFile; fileRef = B4336C2329071A5A00063677 /* AppSession.swift */; };
		B4336C2629071BC300063677 /* Application.swift in Sources */ = {isa = PBXBuildFile; fileRef = B4336C2529071BC300063677 /* Application.swift */; };
		B4336C2829071EE100063677 /* Array.swift in Sources */ = {isa = PBXBuildFile; fileRef = B4336C2729071EE100063677 /* Array.swift */; };
		B4336C2A29071EF100063677 /* Binding.swift in Sources */ = {isa = PBXBuildFile; fileRef = B4336C2929071EF100063677 /* Binding.swift */; };
		B4336C2C29071F0F00063677 /* Bundle.swift in Sources */ = {isa = PBXBuildFile; fileRef = B4336C2B29071F0F00063677 /* Bundle.swift */; };
		B4336C2E29071F2200063677 /* Color.swift in Sources */ = {isa = PBXBuildFile; fileRef = B4336C2D29071F2200063677 /* Color.swift */; };
		B4336C3029071F3C00063677 /* Gesture.swift in Sources */ = {isa = PBXBuildFile; fileRef = B4336C2F29071F3C00063677 /* Gesture.swift */; };
		B4336C3229071F6800063677 /* Toast.swift in Sources */ = {isa = PBXBuildFile; fileRef = B4336C3129071F6800063677 /* Toast.swift */; };
		B4336C3429071FB200063677 /* View.swift in Sources */ = {isa = PBXBuildFile; fileRef = B4336C3329071FB200063677 /* View.swift */; };
		B4336C3629071FDF00063677 /* Modifiers.swift in Sources */ = {isa = PBXBuildFile; fileRef = B4336C3529071FDF00063677 /* Modifiers.swift */; };
		B4336C38290721A400063677 /* AwesomeImage.swift in Sources */ = {isa = PBXBuildFile; fileRef = B4336C37290721A400063677 /* AwesomeImage.swift */; };
		B4336C3A2907248100063677 /* BackButton.swift in Sources */ = {isa = PBXBuildFile; fileRef = B4336C392907248100063677 /* BackButton.swift */; };
		B4336C3C290724E200063677 /* BigButton.swift in Sources */ = {isa = PBXBuildFile; fileRef = B4336C3B290724E200063677 /* BigButton.swift */; };
		B4336C3F290729D300063677 /* Assets.swift in Sources */ = {isa = PBXBuildFile; fileRef = B4336C3E290729D200063677 /* Assets.swift */; };
		B4336C41290731CD00063677 /* Player.swift in Sources */ = {isa = PBXBuildFile; fileRef = B4336C40290731CD00063677 /* Player.swift */; };
		B4336C432907326C00063677 /* PlayerEntry.swift in Sources */ = {isa = PBXBuildFile; fileRef = B4336C422907326C00063677 /* PlayerEntry.swift */; };
		B4336C45290733C900063677 /* PlayerColorSelector.swift in Sources */ = {isa = PBXBuildFile; fileRef = B4336C44290733C900063677 /* PlayerColorSelector.swift */; };
		B4336C47290733D200063677 /* PlayerTextField.swift in Sources */ = {isa = PBXBuildFile; fileRef = B4336C46290733D200063677 /* PlayerTextField.swift */; };
		B4336C49290734BB00063677 /* Navigation.swift in Sources */ = {isa = PBXBuildFile; fileRef = B4336C48290734BB00063677 /* Navigation.swift */; };
		B4336C4C290736B200063677 /* Introspect in Frameworks */ = {isa = PBXBuildFile; productRef = B4336C4B290736B200063677 /* Introspect */; };
		B487E34429084DC3004E6ACC /* HoleView.swift in Sources */ = {isa = PBXBuildFile; fileRef = B487E34329084DC3004E6ACC /* HoleView.swift */; };
		B487E34629086157004E6ACC /* Scroll.swift in Sources */ = {isa = PBXBuildFile; fileRef = B487E34529086157004E6ACC /* Scroll.swift */; };
		B487E3482908668A004E6ACC /* HoleDetailView.swift in Sources */ = {isa = PBXBuildFile; fileRef = B487E3472908668A004E6ACC /* HoleDetailView.swift */; };
		B487E34A290866B3004E6ACC /* HoleDetails.swift in Sources */ = {isa = PBXBuildFile; fileRef = B487E349290866B3004E6ACC /* HoleDetails.swift */; };
		B487E34C29086F2B004E6ACC /* Hole.swift in Sources */ = {isa = PBXBuildFile; fileRef = B487E34B29086F2B004E6ACC /* Hole.swift */; };
		B487E35029087E10004E6ACC /* MenuView.swift in Sources */ = {isa = PBXBuildFile; fileRef = B487E34F29087E10004E6ACC /* MenuView.swift */; };
		B487E35329088209004E6ACC /* Pack.swift in Sources */ = {isa = PBXBuildFile; fileRef = B487E35229088209004E6ACC /* Pack.swift */; };
		B487E3552908823A004E6ACC /* Rule.swift in Sources */ = {isa = PBXBuildFile; fileRef = B487E3542908823A004E6ACC /* Rule.swift */; };
		B487E357290883A6004E6ACC /* PackCard.swift in Sources */ = {isa = PBXBuildFile; fileRef = B487E356290883A6004E6ACC /* PackCard.swift */; };
		B487E359290888C9004E6ACC /* _Mock.swift in Sources */ = {isa = PBXBuildFile; fileRef = B487E358290888C9004E6ACC /* _Mock.swift */; };
		B487E35B29098675004E6ACC /* RuleService.swift in Sources */ = {isa = PBXBuildFile; fileRef = B487E35A29098674004E6ACC /* RuleService.swift */; };
		B487E35D290988EA004E6ACC /* GameplayView.swift in Sources */ = {isa = PBXBuildFile; fileRef = B487E35C290988EA004E6ACC /* GameplayView.swift */; };
		B487E35F290988F0004E6ACC /* DrinkingView.swift in Sources */ = {isa = PBXBuildFile; fileRef = B487E35E290988F0004E6ACC /* DrinkingView.swift */; };
/* End PBXBuildFile section */

/* Begin PBXContainerItemProxy section */
		B4336B8F2905E11100063677 /* PBXContainerItemProxy */ = {
			isa = PBXContainerItemProxy;
			containerPortal = B4336B752905E11000063677 /* Project object */;
			proxyType = 1;
			remoteGlobalIDString = B4336B7C2905E11000063677;
			remoteInfo = Hackers;
		};
/* End PBXContainerItemProxy section */

/* Begin PBXFileReference section */
		B4013634291B05BA005DFE93 /* MarqueeTile.swift */ = {isa = PBXFileReference; lastKnownFileType = sourcecode.swift; path = MarqueeTile.swift; sourceTree = "<group>"; };
		B4013636291B0616005DFE93 /* InfiniteScroller.swift */ = {isa = PBXFileReference; lastKnownFileType = sourcecode.swift; path = InfiniteScroller.swift; sourceTree = "<group>"; };
		B401363A291C5EF8005DFE93 /* CustomizeGamePlayView.swift */ = {isa = PBXFileReference; lastKnownFileType = sourcecode.swift; path = CustomizeGamePlayView.swift; sourceTree = "<group>"; };
		B401363C291C604C005DFE93 /* GameplayViewModel.swift */ = {isa = PBXFileReference; lastKnownFileType = sourcecode.swift; path = GameplayViewModel.swift; sourceTree = "<group>"; };
		B4013641291C82EE005DFE93 /* SkeletonCard.swift */ = {isa = PBXFileReference; lastKnownFileType = sourcecode.swift; path = SkeletonCard.swift; sourceTree = "<group>"; };
		B4013643291C8986005DFE93 /* GameplayCard.swift */ = {isa = PBXFileReference; lastKnownFileType = sourcecode.swift; path = GameplayCard.swift; sourceTree = "<group>"; };
		B4013646291DA87E005DFE93 /* RuleEditorView.swift */ = {isa = PBXFileReference; lastKnownFileType = sourcecode.swift; path = RuleEditorView.swift; sourceTree = "<group>"; };
		B4013648291DA888005DFE93 /* RuleEditorViewModel.swift */ = {isa = PBXFileReference; lastKnownFileType = sourcecode.swift; path = RuleEditorViewModel.swift; sourceTree = "<group>"; };
		B401364A291DB80E005DFE93 /* Firebase+Rules.swift */ = {isa = PBXFileReference; lastKnownFileType = sourcecode.swift; path = "Firebase+Rules.swift"; sourceTree = "<group>"; };
		B401364C291DB822005DFE93 /* Firebase+Pack.swift */ = {isa = PBXFileReference; lastKnownFileType = sourcecode.swift; path = "Firebase+Pack.swift"; sourceTree = "<group>"; };
		B401364E291DBBF4005DFE93 /* Firebase+Auth.swift */ = {isa = PBXFileReference; lastKnownFileType = sourcecode.swift; path = "Firebase+Auth.swift"; sourceTree = "<group>"; };
		B4013650291DBEC8005DFE93 /* Time.swift */ = {isa = PBXFileReference; lastKnownFileType = sourcecode.swift; path = Time.swift; sourceTree = "<group>"; };
		B4013652291DC050005DFE93 /* Date.swift */ = {isa = PBXFileReference; lastKnownFileType = sourcecode.swift; path = Date.swift; sourceTree = "<group>"; };
		B4013654291DC21D005DFE93 /* Realm+Codable.swift */ = {isa = PBXFileReference; lastKnownFileType = sourcecode.swift; path = "Realm+Codable.swift"; sourceTree = "<group>"; };
		B4013656291DC226005DFE93 /* Realm+Generic.swift */ = {isa = PBXFileReference; lastKnownFileType = sourcecode.swift; path = "Realm+Generic.swift"; sourceTree = "<group>"; };
		B4013658291DC29B005DFE93 /* Firebase+Generic.swift */ = {isa = PBXFileReference; lastKnownFileType = sourcecode.swift; path = "Firebase+Generic.swift"; sourceTree = "<group>"; };
		B401365A291DC536005DFE93 /* Firebase+Query.swift */ = {isa = PBXFileReference; lastKnownFileType = sourcecode.swift; path = "Firebase+Query.swift"; sourceTree = "<group>"; };
		B404FAFC29232E2E00FB9A2B /* RuleViewer.swift */ = {isa = PBXFileReference; lastKnownFileType = sourcecode.swift; path = RuleViewer.swift; sourceTree = "<group>"; };
		B404FAFE292336D800FB9A2B /* String.swift */ = {isa = PBXFileReference; lastKnownFileType = sourcecode.swift; path = String.swift; sourceTree = "<group>"; };
		B404FB0329245C8C00FB9A2B /* Pretty.swift */ = {isa = PBXFileReference; lastKnownFileType = sourcecode.swift; path = Pretty.swift; sourceTree = "<group>"; };
		B404FB05292819C600FB9A2B /* RuleFilter.swift */ = {isa = PBXFileReference; lastKnownFileType = sourcecode.swift; path = RuleFilter.swift; sourceTree = "<group>"; };
		B404FB09292844B300FB9A2B /* GameplayRow.swift */ = {isa = PBXFileReference; lastKnownFileType = sourcecode.swift; path = GameplayRow.swift; sourceTree = "<group>"; };
		B4336B7D2905E11000063677 /* Hackers.app */ = {isa = PBXFileReference; explicitFileType = wrapper.application; includeInIndex = 0; path = Hackers.app; sourceTree = BUILT_PRODUCTS_DIR; };
		B4336B802905E11000063677 /* HackersApp.swift */ = {isa = PBXFileReference; lastKnownFileType = sourcecode.swift; path = HackersApp.swift; sourceTree = "<group>"; };
		B4336B842905E11100063677 /* Colors.xcassets */ = {isa = PBXFileReference; lastKnownFileType = folder.assetcatalog; path = Colors.xcassets; sourceTree = "<group>"; };
		B4336B862905E11100063677 /* Hackers.entitlements */ = {isa = PBXFileReference; lastKnownFileType = text.plist.entitlements; path = Hackers.entitlements; sourceTree = "<group>"; };
		B4336B8E2905E11100063677 /* HackersTests.xctest */ = {isa = PBXFileReference; explicitFileType = wrapper.cfbundle; includeInIndex = 0; path = HackersTests.xctest; sourceTree = BUILT_PRODUCTS_DIR; };
		B4336B922905E11100063677 /* HackersTests.swift */ = {isa = PBXFileReference; lastKnownFileType = sourcecode.swift; path = HackersTests.swift; sourceTree = "<group>"; };
		B4336BAB2905E2B600063677 /* AppDelegate.swift */ = {isa = PBXFileReference; lastKnownFileType = sourcecode.swift; path = AppDelegate.swift; sourceTree = "<group>"; };
		B4336BCE2905ECF500063677 /* LandingView.swift */ = {isa = PBXFileReference; lastKnownFileType = sourcecode.swift; path = LandingView.swift; sourceTree = "<group>"; };
		B4336BD22905ED4200063677 /* Alerts.swift */ = {isa = PBXFileReference; lastKnownFileType = sourcecode.swift; path = Alerts.swift; sourceTree = "<group>"; };
		B4336BD42905ED5C00063677 /* Typealias.swift */ = {isa = PBXFileReference; lastKnownFileType = sourcecode.swift; path = Typealias.swift; sourceTree = "<group>"; };
		B4336BD82905EDEE00063677 /* ColorPalette.swift */ = {isa = PBXFileReference; lastKnownFileType = sourcecode.swift; path = ColorPalette.swift; sourceTree = "<group>"; };
		B4336BDA2905EDF300063677 /* Haptics.swift */ = {isa = PBXFileReference; lastKnownFileType = sourcecode.swift; path = Haptics.swift; sourceTree = "<group>"; };
		B4336BDC2905EE0400063677 /* Constants.swift */ = {isa = PBXFileReference; lastKnownFileType = sourcecode.swift; path = Constants.swift; sourceTree = "<group>"; };
		B4336BDE2905EE4700063677 /* Notifications.swift */ = {isa = PBXFileReference; lastKnownFileType = sourcecode.swift; path = Notifications.swift; sourceTree = "<group>"; };
		B4336BEA2905EF8F00063677 /* FirebaseService.swift */ = {isa = PBXFileReference; lastKnownFileType = sourcecode.swift; path = FirebaseService.swift; sourceTree = "<group>"; };
		B4336BEC2905EF9F00063677 /* RealmService.swift */ = {isa = PBXFileReference; lastKnownFileType = sourcecode.swift; path = RealmService.swift; sourceTree = "<group>"; };
		B4336BEE2905EFA600063677 /* SentryService.swift */ = {isa = PBXFileReference; lastKnownFileType = sourcecode.swift; path = SentryService.swift; sourceTree = "<group>"; };
		B4336BF229070E5600063677 /* Errors.swift */ = {isa = PBXFileReference; lastKnownFileType = sourcecode.swift; path = Errors.swift; sourceTree = "<group>"; };
		B4336BF42907102D00063677 /* AlertView.swift */ = {isa = PBXFileReference; lastKnownFileType = sourcecode.swift; path = AlertView.swift; sourceTree = "<group>"; };
		B4336BF62907106800063677 /* Font.swift */ = {isa = PBXFileReference; lastKnownFileType = sourcecode.swift; path = Font.swift; sourceTree = "<group>"; };
		B4336BF8290710D900063677 /* Info.plist */ = {isa = PBXFileReference; lastKnownFileType = text.plist; path = Info.plist; sourceTree = "<group>"; };
		B4336C00290711E500063677 /* font-awesome-6-regular.otf */ = {isa = PBXFileReference; lastKnownFileType = file; path = "font-awesome-6-regular.otf"; sourceTree = "<group>"; };
		B4336C01290711E500063677 /* font-awesome-6-light.otf */ = {isa = PBXFileReference; lastKnownFileType = file; path = "font-awesome-6-light.otf"; sourceTree = "<group>"; };
		B4336C02290711E500063677 /* font-awesome-6-brands.otf */ = {isa = PBXFileReference; lastKnownFileType = file; path = "font-awesome-6-brands.otf"; sourceTree = "<group>"; };
		B4336C03290711E500063677 /* font-awesome-6-duotone.otf */ = {isa = PBXFileReference; lastKnownFileType = file; path = "font-awesome-6-duotone.otf"; sourceTree = "<group>"; };
		B4336C04290711E500063677 /* font-awesome-6-solid.otf */ = {isa = PBXFileReference; lastKnownFileType = file; path = "font-awesome-6-solid.otf"; sourceTree = "<group>"; };
		B4336C05290711E500063677 /* font-awesome-6-thin.otf */ = {isa = PBXFileReference; lastKnownFileType = file; path = "font-awesome-6-thin.otf"; sourceTree = "<group>"; };
		B4336C0C290711EE00063677 /* DMSans-BoldItalic.ttf */ = {isa = PBXFileReference; lastKnownFileType = file; path = "DMSans-BoldItalic.ttf"; sourceTree = "<group>"; };
		B4336C0D290711EE00063677 /* DMSans-MediumItalic.ttf */ = {isa = PBXFileReference; lastKnownFileType = file; path = "DMSans-MediumItalic.ttf"; sourceTree = "<group>"; };
		B4336C0E290711EE00063677 /* DMSans-Bold.ttf */ = {isa = PBXFileReference; lastKnownFileType = file; path = "DMSans-Bold.ttf"; sourceTree = "<group>"; };
		B4336C0F290711EE00063677 /* DMSans-Medium.ttf */ = {isa = PBXFileReference; lastKnownFileType = file; path = "DMSans-Medium.ttf"; sourceTree = "<group>"; };
		B4336C10290711EE00063677 /* DMSans-Italic.ttf */ = {isa = PBXFileReference; lastKnownFileType = file; path = "DMSans-Italic.ttf"; sourceTree = "<group>"; };
		B4336C11290711EE00063677 /* DMSans-Regular.ttf */ = {isa = PBXFileReference; lastKnownFileType = file; path = "DMSans-Regular.ttf"; sourceTree = "<group>"; };
		B4336C18290712B600063677 /* Images.xcassets */ = {isa = PBXFileReference; lastKnownFileType = folder.assetcatalog; path = Images.xcassets; sourceTree = "<group>"; };
		B4336C1B2907131A00063677 /* GoogleService-Info.plist */ = {isa = PBXFileReference; fileEncoding = 4; lastKnownFileType = text.plist.xml; path = "GoogleService-Info.plist"; sourceTree = "<group>"; };
		B4336C1D290713D700063677 /* Icons.xcassets */ = {isa = PBXFileReference; lastKnownFileType = folder.assetcatalog; path = Icons.xcassets; sourceTree = "<group>"; };
		B4336C1F2907151700063677 /* Styling.swift */ = {isa = PBXFileReference; lastKnownFileType = sourcecode.swift; path = Styling.swift; sourceTree = "<group>"; };
		B4336C212907158A00063677 /* Blur.swift */ = {isa = PBXFileReference; lastKnownFileType = sourcecode.swift; path = Blur.swift; sourceTree = "<group>"; };
		B4336C2329071A5A00063677 /* AppSession.swift */ = {isa = PBXFileReference; lastKnownFileType = sourcecode.swift; path = AppSession.swift; sourceTree = "<group>"; };
		B4336C2529071BC300063677 /* Application.swift */ = {isa = PBXFileReference; lastKnownFileType = sourcecode.swift; path = Application.swift; sourceTree = "<group>"; };
		B4336C2729071EE100063677 /* Array.swift */ = {isa = PBXFileReference; lastKnownFileType = sourcecode.swift; path = Array.swift; sourceTree = "<group>"; };
		B4336C2929071EF100063677 /* Binding.swift */ = {isa = PBXFileReference; lastKnownFileType = sourcecode.swift; path = Binding.swift; sourceTree = "<group>"; };
		B4336C2B29071F0F00063677 /* Bundle.swift */ = {isa = PBXFileReference; lastKnownFileType = sourcecode.swift; path = Bundle.swift; sourceTree = "<group>"; };
		B4336C2D29071F2200063677 /* Color.swift */ = {isa = PBXFileReference; lastKnownFileType = sourcecode.swift; path = Color.swift; sourceTree = "<group>"; };
		B4336C2F29071F3C00063677 /* Gesture.swift */ = {isa = PBXFileReference; lastKnownFileType = sourcecode.swift; path = Gesture.swift; sourceTree = "<group>"; };
		B4336C3129071F6800063677 /* Toast.swift */ = {isa = PBXFileReference; lastKnownFileType = sourcecode.swift; path = Toast.swift; sourceTree = "<group>"; };
		B4336C3329071FB200063677 /* View.swift */ = {isa = PBXFileReference; lastKnownFileType = sourcecode.swift; path = View.swift; sourceTree = "<group>"; };
		B4336C3529071FDF00063677 /* Modifiers.swift */ = {isa = PBXFileReference; lastKnownFileType = sourcecode.swift; path = Modifiers.swift; sourceTree = "<group>"; };
		B4336C37290721A400063677 /* AwesomeImage.swift */ = {isa = PBXFileReference; lastKnownFileType = sourcecode.swift; path = AwesomeImage.swift; sourceTree = "<group>"; };
		B4336C392907248100063677 /* BackButton.swift */ = {isa = PBXFileReference; lastKnownFileType = sourcecode.swift; path = BackButton.swift; sourceTree = "<group>"; };
		B4336C3B290724E200063677 /* BigButton.swift */ = {isa = PBXFileReference; lastKnownFileType = sourcecode.swift; path = BigButton.swift; sourceTree = "<group>"; };
		B4336C3E290729D200063677 /* Assets.swift */ = {isa = PBXFileReference; fileEncoding = 4; lastKnownFileType = sourcecode.swift; path = Assets.swift; sourceTree = "<group>"; };
		B4336C40290731CD00063677 /* Player.swift */ = {isa = PBXFileReference; lastKnownFileType = sourcecode.swift; path = Player.swift; sourceTree = "<group>"; };
		B4336C422907326C00063677 /* PlayerEntry.swift */ = {isa = PBXFileReference; lastKnownFileType = sourcecode.swift; path = PlayerEntry.swift; sourceTree = "<group>"; };
		B4336C44290733C900063677 /* PlayerColorSelector.swift */ = {isa = PBXFileReference; lastKnownFileType = sourcecode.swift; path = PlayerColorSelector.swift; sourceTree = "<group>"; };
		B4336C46290733D200063677 /* PlayerTextField.swift */ = {isa = PBXFileReference; lastKnownFileType = sourcecode.swift; path = PlayerTextField.swift; sourceTree = "<group>"; };
		B4336C48290734BB00063677 /* Navigation.swift */ = {isa = PBXFileReference; lastKnownFileType = sourcecode.swift; path = Navigation.swift; sourceTree = "<group>"; };
		B487E34329084DC3004E6ACC /* HoleView.swift */ = {isa = PBXFileReference; lastKnownFileType = sourcecode.swift; path = HoleView.swift; sourceTree = "<group>"; };
		B487E34529086157004E6ACC /* Scroll.swift */ = {isa = PBXFileReference; lastKnownFileType = sourcecode.swift; path = Scroll.swift; sourceTree = "<group>"; };
		B487E3472908668A004E6ACC /* HoleDetailView.swift */ = {isa = PBXFileReference; lastKnownFileType = sourcecode.swift; path = HoleDetailView.swift; sourceTree = "<group>"; };
		B487E349290866B3004E6ACC /* HoleDetails.swift */ = {isa = PBXFileReference; lastKnownFileType = sourcecode.swift; path = HoleDetails.swift; sourceTree = "<group>"; };
		B487E34B29086F2B004E6ACC /* Hole.swift */ = {isa = PBXFileReference; lastKnownFileType = sourcecode.swift; path = Hole.swift; sourceTree = "<group>"; };
		B487E34F29087E10004E6ACC /* MenuView.swift */ = {isa = PBXFileReference; lastKnownFileType = sourcecode.swift; path = MenuView.swift; sourceTree = "<group>"; };
		B487E35229088209004E6ACC /* Pack.swift */ = {isa = PBXFileReference; lastKnownFileType = sourcecode.swift; path = Pack.swift; sourceTree = "<group>"; };
		B487E3542908823A004E6ACC /* Rule.swift */ = {isa = PBXFileReference; lastKnownFileType = sourcecode.swift; path = Rule.swift; sourceTree = "<group>"; };
		B487E356290883A6004E6ACC /* PackCard.swift */ = {isa = PBXFileReference; lastKnownFileType = sourcecode.swift; path = PackCard.swift; sourceTree = "<group>"; };
		B487E358290888C9004E6ACC /* _Mock.swift */ = {isa = PBXFileReference; lastKnownFileType = sourcecode.swift; path = _Mock.swift; sourceTree = "<group>"; };
		B487E35A29098674004E6ACC /* RuleService.swift */ = {isa = PBXFileReference; lastKnownFileType = sourcecode.swift; path = RuleService.swift; sourceTree = "<group>"; };
		B487E35C290988EA004E6ACC /* GameplayView.swift */ = {isa = PBXFileReference; lastKnownFileType = sourcecode.swift; path = GameplayView.swift; sourceTree = "<group>"; };
		B487E35E290988F0004E6ACC /* DrinkingView.swift */ = {isa = PBXFileReference; lastKnownFileType = sourcecode.swift; path = DrinkingView.swift; sourceTree = "<group>"; };
/* End PBXFileReference section */

/* Begin PBXFrameworksBuildPhase section */
		B4336B7A2905E11000063677 /* Frameworks */ = {
			isa = PBXFrameworksBuildPhase;
			buildActionMask = 2147483647;
			files = (
				B4336BB62905E85300063677 /* FirebaseAnalyticsSwift in Frameworks */,
				B4336C4C290736B200063677 /* Introspect in Frameworks */,
				B4013640291C82C6005DFE93 /* SkeletonUI in Frameworks */,
				B4336BB82905E85300063677 /* FirebaseAuth in Frameworks */,
				B4336BAF2905E7E900063677 /* GoogleSignIn in Frameworks */,
				B4336BC42905E8E500063677 /* AlertToast in Frameworks */,
				B4336BC12905E8B200063677 /* RealmSwift in Frameworks */,
				B4336BC72905E97800063677 /* Sentry in Frameworks */,
				B4336BBC2905E85300063677 /* FirebaseFirestoreSwift in Frameworks */,
				B4336BB12905E7E900063677 /* GoogleSignInSwift in Frameworks */,
				B404FB0229245C7E00FB9A2B /* SwiftPrettyPrint in Frameworks */,
				B4336BB42905E85300063677 /* FirebaseAnalytics in Frameworks */,
				B4336BBF2905E8B200063677 /* Realm in Frameworks */,
				B4336BBA2905E85300063677 /* FirebaseFirestore in Frameworks */,
			);
			runOnlyForDeploymentPostprocessing = 0;
		};
		B4336B8B2905E11100063677 /* Frameworks */ = {
			isa = PBXFrameworksBuildPhase;
			buildActionMask = 2147483647;
			files = (
			);
			runOnlyForDeploymentPostprocessing = 0;
		};
/* End PBXFrameworksBuildPhase section */

/* Begin PBXGroup section */
		B4013638291C5EA5005DFE93 /* Gameplay */ = {
			isa = PBXGroup;
			children = (
				B401363A291C5EF8005DFE93 /* CustomizeGamePlayView.swift */,
				B4013643291C8986005DFE93 /* GameplayCard.swift */,
				B404FB09292844B300FB9A2B /* GameplayRow.swift */,
				B487E35C290988EA004E6ACC /* GameplayView.swift */,
				B401363C291C604C005DFE93 /* GameplayViewModel.swift */,
			);
			path = Gameplay;
			sourceTree = "<group>";
		};
		B4013639291C5EAC005DFE93 /* Drinking */ = {
			isa = PBXGroup;
			children = (
				B487E35E290988F0004E6ACC /* DrinkingView.swift */,
			);
			path = Drinking;
			sourceTree = "<group>";
		};
		B4013645291DA86A005DFE93 /* Admin */ = {
			isa = PBXGroup;
			children = (
				B404FB05292819C600FB9A2B /* RuleFilter.swift */,
				B404FAFC29232E2E00FB9A2B /* RuleViewer.swift */,
				B4013646291DA87E005DFE93 /* RuleEditorView.swift */,
				B4013648291DA888005DFE93 /* RuleEditorViewModel.swift */,
			);
			path = Admin;
			sourceTree = "<group>";
		};
		B4336B742905E11000063677 = {
			isa = PBXGroup;
			children = (
				B4336B7F2905E11000063677 /* Hackers */,
				B4336B912905E11100063677 /* HackersTests */,
				B4336B7E2905E11000063677 /* Products */,
			);
			sourceTree = "<group>";
		};
		B4336B7E2905E11000063677 /* Products */ = {
			isa = PBXGroup;
			children = (
				B4336B7D2905E11000063677 /* Hackers.app */,
				B4336B8E2905E11100063677 /* HackersTests.xctest */,
			);
			name = Products;
			sourceTree = "<group>";
		};
		B4336B7F2905E11000063677 /* Hackers */ = {
			isa = PBXGroup;
			children = (
				B4336B862905E11100063677 /* Hackers.entitlements */,
				B4336BF8290710D900063677 /* Info.plist */,
				B4336BAB2905E2B600063677 /* AppDelegate.swift */,
				B4336B802905E11000063677 /* HackersApp.swift */,
				B4336C2329071A5A00063677 /* AppSession.swift */,
				B4336BC82905EBF300063677 /* Services */,
				B4336BC92905EBF800063677 /* Models */,
				B4336BCA2905EC0600063677 /* UI */,
				B4336BCB2905ECB800063677 /* Components */,
				B4336BCC2905ECC000063677 /* Utilities */,
				B4336BE02905EE4E00063677 /* Extensions */,
				B4336BF92907117900063677 /* Resources */,
				B4336C3D2907299900063677 /* SwiftGen */,
			);
			path = Hackers;
			sourceTree = "<group>";
		};
		B4336B912905E11100063677 /* HackersTests */ = {
			isa = PBXGroup;
			children = (
				B4336B922905E11100063677 /* HackersTests.swift */,
			);
			path = HackersTests;
			sourceTree = "<group>";
		};
		B4336BC82905EBF300063677 /* Services */ = {
			isa = PBXGroup;
			children = (
				B4336BE22905EF4600063677 /* Firebase */,
				B4336BE32905EF4C00063677 /* Realm */,
				B4336BEE2905EFA600063677 /* SentryService.swift */,
				B487E35A29098674004E6ACC /* RuleService.swift */,
			);
			path = Services;
			sourceTree = "<group>";
		};
		B4336BC92905EBF800063677 /* Models */ = {
			isa = PBXGroup;
			children = (
				B487E358290888C9004E6ACC /* _Mock.swift */,
				B487E34B29086F2B004E6ACC /* Hole.swift */,
				B487E349290866B3004E6ACC /* HoleDetails.swift */,
				B487E35229088209004E6ACC /* Pack.swift */,
				B4336C40290731CD00063677 /* Player.swift */,
				B487E3542908823A004E6ACC /* Rule.swift */,
				B4013650291DBEC8005DFE93 /* Time.swift */,
			);
			path = Models;
			sourceTree = "<group>";
		};
		B4336BCA2905EC0600063677 /* UI */ = {
			isa = PBXGroup;
			children = (
				B4013645291DA86A005DFE93 /* Admin */,
				B4336BCD2905ECE300063677 /* App */,
				B4336BD12905ED1900063677 /* Hole */,
				B487E351290881E5004E6ACC /* Packs */,
				B4336BD02905ED0900063677 /* Players */,
			);
			path = UI;
			sourceTree = "<group>";
		};
		B4336BCB2905ECB800063677 /* Components */ = {
			isa = PBXGroup;
			children = (
				B4336BF42907102D00063677 /* AlertView.swift */,
				B4336C37290721A400063677 /* AwesomeImage.swift */,
				B4336C392907248100063677 /* BackButton.swift */,
				B4336C3B290724E200063677 /* BigButton.swift */,
				B4336C212907158A00063677 /* Blur.swift */,
				B4013636291B0616005DFE93 /* InfiniteScroller.swift */,
				B4013634291B05BA005DFE93 /* MarqueeTile.swift */,
				B4013641291C82EE005DFE93 /* SkeletonCard.swift */,
			);
			path = Components;
			sourceTree = "<group>";
		};
		B4336BCC2905ECC000063677 /* Utilities */ = {
			isa = PBXGroup;
			children = (
				B4336BD22905ED4200063677 /* Alerts.swift */,
				B4336BD82905EDEE00063677 /* ColorPalette.swift */,
				B4336BDC2905EE0400063677 /* Constants.swift */,
				B4336BF229070E5600063677 /* Errors.swift */,
				B4336BDA2905EDF300063677 /* Haptics.swift */,
				B4336C3529071FDF00063677 /* Modifiers.swift */,
				B4336BDE2905EE4700063677 /* Notifications.swift */,
				B404FB0329245C8C00FB9A2B /* Pretty.swift */,
				B487E34529086157004E6ACC /* Scroll.swift */,
				B4336C1F2907151700063677 /* Styling.swift */,
				B4336BD42905ED5C00063677 /* Typealias.swift */,
			);
			path = Utilities;
			sourceTree = "<group>";
		};
		B4336BCD2905ECE300063677 /* App */ = {
			isa = PBXGroup;
			children = (
				B4336BCE2905ECF500063677 /* LandingView.swift */,
			);
			path = App;
			sourceTree = "<group>";
		};
		B4336BD02905ED0900063677 /* Players */ = {
			isa = PBXGroup;
			children = (
				B4336C422907326C00063677 /* PlayerEntry.swift */,
				B4336C46290733D200063677 /* PlayerTextField.swift */,
				B4336C44290733C900063677 /* PlayerColorSelector.swift */,
			);
			path = Players;
			sourceTree = "<group>";
		};
		B4336BD12905ED1900063677 /* Hole */ = {
			isa = PBXGroup;
			children = (
				B487E34329084DC3004E6ACC /* HoleView.swift */,
				B487E3472908668A004E6ACC /* HoleDetailView.swift */,
				B487E34F29087E10004E6ACC /* MenuView.swift */,
			);
			path = Hole;
			sourceTree = "<group>";
		};
		B4336BE02905EE4E00063677 /* Extensions */ = {
			isa = PBXGroup;
			children = (
				B4336C2529071BC300063677 /* Application.swift */,
				B4336C2729071EE100063677 /* Array.swift */,
				B4336C2929071EF100063677 /* Binding.swift */,
				B4336C2B29071F0F00063677 /* Bundle.swift */,
				B4336C2D29071F2200063677 /* Color.swift */,
				B4013652291DC050005DFE93 /* Date.swift */,
				B4336BF62907106800063677 /* Font.swift */,
				B4336C2F29071F3C00063677 /* Gesture.swift */,
				B4336C48290734BB00063677 /* Navigation.swift */,
				B404FAFE292336D800FB9A2B /* String.swift */,
				B4336C3129071F6800063677 /* Toast.swift */,
				B4336C3329071FB200063677 /* View.swift */,
			);
			path = Extensions;
			sourceTree = "<group>";
		};
		B4336BE22905EF4600063677 /* Firebase */ = {
			isa = PBXGroup;
			children = (
				B4336BEA2905EF8F00063677 /* FirebaseService.swift */,
				B401364E291DBBF4005DFE93 /* Firebase+Auth.swift */,
				B4013658291DC29B005DFE93 /* Firebase+Generic.swift */,
				B401364C291DB822005DFE93 /* Firebase+Pack.swift */,
				B401364A291DB80E005DFE93 /* Firebase+Rules.swift */,
				B401365A291DC536005DFE93 /* Firebase+Query.swift */,
			);
			path = Firebase;
			sourceTree = "<group>";
		};
		B4336BE32905EF4C00063677 /* Realm */ = {
			isa = PBXGroup;
			children = (
				B4336BEC2905EF9F00063677 /* RealmService.swift */,
				B4013654291DC21D005DFE93 /* Realm+Codable.swift */,
				B4013656291DC226005DFE93 /* Realm+Generic.swift */,
			);
			path = Realm;
			sourceTree = "<group>";
		};
		B4336BF92907117900063677 /* Resources */ = {
			isa = PBXGroup;
			children = (
				B4336BFD290711B300063677 /* Fonts */,
				B4336C1A290712BB00063677 /* Google */,
				B4336B842905E11100063677 /* Colors.xcassets */,
				B4336C18290712B600063677 /* Images.xcassets */,
				B4336C1D290713D700063677 /* Icons.xcassets */,
			);
			path = Resources;
			sourceTree = "<group>";
		};
		B4336BFD290711B300063677 /* Fonts */ = {
			isa = PBXGroup;
			children = (
				B4336BFE290711BB00063677 /* Icons */,
				B4336BFF290711BF00063677 /* Text */,
			);
			path = Fonts;
			sourceTree = "<group>";
		};
		B4336BFE290711BB00063677 /* Icons */ = {
			isa = PBXGroup;
			children = (
				B4336C02290711E500063677 /* font-awesome-6-brands.otf */,
				B4336C03290711E500063677 /* font-awesome-6-duotone.otf */,
				B4336C01290711E500063677 /* font-awesome-6-light.otf */,
				B4336C00290711E500063677 /* font-awesome-6-regular.otf */,
				B4336C04290711E500063677 /* font-awesome-6-solid.otf */,
				B4336C05290711E500063677 /* font-awesome-6-thin.otf */,
			);
			path = Icons;
			sourceTree = "<group>";
		};
		B4336BFF290711BF00063677 /* Text */ = {
			isa = PBXGroup;
			children = (
				B4336C0E290711EE00063677 /* DMSans-Bold.ttf */,
				B4336C0C290711EE00063677 /* DMSans-BoldItalic.ttf */,
				B4336C10290711EE00063677 /* DMSans-Italic.ttf */,
				B4336C0F290711EE00063677 /* DMSans-Medium.ttf */,
				B4336C0D290711EE00063677 /* DMSans-MediumItalic.ttf */,
				B4336C11290711EE00063677 /* DMSans-Regular.ttf */,
			);
			path = Text;
			sourceTree = "<group>";
		};
		B4336C1A290712BB00063677 /* Google */ = {
			isa = PBXGroup;
			children = (
				B4336C1B2907131A00063677 /* GoogleService-Info.plist */,
			);
			path = Google;
			sourceTree = "<group>";
		};
		B4336C3D2907299900063677 /* SwiftGen */ = {
			isa = PBXGroup;
			children = (
				B4336C3E290729D200063677 /* Assets.swift */,
			);
			path = SwiftGen;
			sourceTree = "<group>";
		};
		B487E351290881E5004E6ACC /* Packs */ = {
			isa = PBXGroup;
			children = (
				B487E356290883A6004E6ACC /* PackCard.swift */,
				B4013639291C5EAC005DFE93 /* Drinking */,
				B4013638291C5EA5005DFE93 /* Gameplay */,
			);
			path = Packs;
			sourceTree = "<group>";
		};
/* End PBXGroup section */

/* Begin PBXNativeTarget section */
		B4336B7C2905E11000063677 /* Hackers */ = {
			isa = PBXNativeTarget;
			buildConfigurationList = B4336BA22905E11100063677 /* Build configuration list for PBXNativeTarget "Hackers" */;
			buildPhases = (
				B4336B792905E11000063677 /* Sources */,
				B4336B7A2905E11000063677 /* Frameworks */,
				B4336B7B2905E11000063677 /* Resources */,
			);
			buildRules = (
			);
			dependencies = (
			);
			name = Hackers;
			packageProductDependencies = (
				B4336BAE2905E7E900063677 /* GoogleSignIn */,
				B4336BB02905E7E900063677 /* GoogleSignInSwift */,
				B4336BB32905E85300063677 /* FirebaseAnalytics */,
				B4336BB52905E85300063677 /* FirebaseAnalyticsSwift */,
				B4336BB72905E85300063677 /* FirebaseAuth */,
				B4336BB92905E85300063677 /* FirebaseFirestore */,
				B4336BBB2905E85300063677 /* FirebaseFirestoreSwift */,
				B4336BBE2905E8B200063677 /* Realm */,
				B4336BC02905E8B200063677 /* RealmSwift */,
				B4336BC32905E8E500063677 /* AlertToast */,
				B4336BC62905E97800063677 /* Sentry */,
				B4336C4B290736B200063677 /* Introspect */,
				B401363F291C82C6005DFE93 /* SkeletonUI */,
				B404FB0129245C7E00FB9A2B /* SwiftPrettyPrint */,
			);
			productName = Hackers;
			productReference = B4336B7D2905E11000063677 /* Hackers.app */;
			productType = "com.apple.product-type.application";
		};
		B4336B8D2905E11100063677 /* HackersTests */ = {
			isa = PBXNativeTarget;
			buildConfigurationList = B4336BA52905E11100063677 /* Build configuration list for PBXNativeTarget "HackersTests" */;
			buildPhases = (
				B4336B8A2905E11100063677 /* Sources */,
				B4336B8B2905E11100063677 /* Frameworks */,
				B4336B8C2905E11100063677 /* Resources */,
			);
			buildRules = (
			);
			dependencies = (
				B4336B902905E11100063677 /* PBXTargetDependency */,
			);
			name = HackersTests;
			productName = HackersTests;
			productReference = B4336B8E2905E11100063677 /* HackersTests.xctest */;
			productType = "com.apple.product-type.bundle.unit-test";
		};
/* End PBXNativeTarget section */

/* Begin PBXProject section */
		B4336B752905E11000063677 /* Project object */ = {
			isa = PBXProject;
			attributes = {
				BuildIndependentTargetsInParallel = 1;
				LastSwiftUpdateCheck = 1400;
				LastUpgradeCheck = 1400;
				TargetAttributes = {
					B4336B7C2905E11000063677 = {
						CreatedOnToolsVersion = 14.0.1;
					};
					B4336B8D2905E11100063677 = {
						CreatedOnToolsVersion = 14.0.1;
						TestTargetID = B4336B7C2905E11000063677;
					};
				};
			};
			buildConfigurationList = B4336B782905E11000063677 /* Build configuration list for PBXProject "Hackers" */;
			compatibilityVersion = "Xcode 14.0";
			developmentRegion = en;
			hasScannedForEncodings = 0;
			knownRegions = (
				en,
				Base,
			);
			mainGroup = B4336B742905E11000063677;
			packageReferences = (
				B4336BAD2905E7E900063677 /* XCRemoteSwiftPackageReference "GoogleSignIn-iOS" */,
				B4336BB22905E85300063677 /* XCRemoteSwiftPackageReference "firebase-ios-sdk" */,
				B4336BBD2905E8B200063677 /* XCRemoteSwiftPackageReference "realm-swift" */,
				B4336BC22905E8E500063677 /* XCRemoteSwiftPackageReference "AlertToast" */,
				B4336BC52905E97800063677 /* XCRemoteSwiftPackageReference "sentry-cocoa" */,
				B4336C4A290736B200063677 /* XCRemoteSwiftPackageReference "SwiftUI-Introspect" */,
				B401363E291C82C6005DFE93 /* XCRemoteSwiftPackageReference "SkeletonUI" */,
				B404FB0029245C7E00FB9A2B /* XCRemoteSwiftPackageReference "SwiftPrettyPrint" */,
			);
			productRefGroup = B4336B7E2905E11000063677 /* Products */;
			projectDirPath = "";
			projectRoot = "";
			targets = (
				B4336B7C2905E11000063677 /* Hackers */,
				B4336B8D2905E11100063677 /* HackersTests */,
			);
		};
/* End PBXProject section */

/* Begin PBXResourcesBuildPhase section */
		B4336B7B2905E11000063677 /* Resources */ = {
			isa = PBXResourcesBuildPhase;
			buildActionMask = 2147483647;
			files = (
				B4336C09290711E500063677 /* font-awesome-6-duotone.otf in Resources */,
				B4336C14290711EE00063677 /* DMSans-Bold.ttf in Resources */,
				B4336C1C2907131A00063677 /* GoogleService-Info.plist in Resources */,
				B4336C0A290711E500063677 /* font-awesome-6-solid.otf in Resources */,
				B4336C0B290711E500063677 /* font-awesome-6-thin.otf in Resources */,
				B4336C13290711EE00063677 /* DMSans-MediumItalic.ttf in Resources */,
				B4336C1E290713D700063677 /* Icons.xcassets in Resources */,
				B4336C17290711EE00063677 /* DMSans-Regular.ttf in Resources */,
				B4336C12290711EE00063677 /* DMSans-BoldItalic.ttf in Resources */,
				B4336C15290711EE00063677 /* DMSans-Medium.ttf in Resources */,
				B4336C06290711E500063677 /* font-awesome-6-regular.otf in Resources */,
				B4336C19290712B600063677 /* Images.xcassets in Resources */,
				B4336C07290711E500063677 /* font-awesome-6-light.otf in Resources */,
				B4336B852905E11100063677 /* Colors.xcassets in Resources */,
				B4336C16290711EE00063677 /* DMSans-Italic.ttf in Resources */,
				B4336C08290711E500063677 /* font-awesome-6-brands.otf in Resources */,
			);
			runOnlyForDeploymentPostprocessing = 0;
		};
		B4336B8C2905E11100063677 /* Resources */ = {
			isa = PBXResourcesBuildPhase;
			buildActionMask = 2147483647;
			files = (
			);
			runOnlyForDeploymentPostprocessing = 0;
		};
/* End PBXResourcesBuildPhase section */

/* Begin PBXSourcesBuildPhase section */
		B4336B792905E11000063677 /* Sources */ = {
			isa = PBXSourcesBuildPhase;
			buildActionMask = 2147483647;
			files = (
				B4336C3429071FB200063677 /* View.swift in Sources */,
				B4336C38290721A400063677 /* AwesomeImage.swift in Sources */,
				B487E34C29086F2B004E6ACC /* Hole.swift in Sources */,
				B4336BEF2905EFA600063677 /* SentryService.swift in Sources */,
				B4336C2829071EE100063677 /* Array.swift in Sources */,
				B4336C432907326C00063677 /* PlayerEntry.swift in Sources */,
				B401364D291DB822005DFE93 /* Firebase+Pack.swift in Sources */,
				B4013657291DC226005DFE93 /* Realm+Generic.swift in Sources */,
				B4336C2E29071F2200063677 /* Color.swift in Sources */,
				B487E35029087E10004E6ACC /* MenuView.swift in Sources */,
				B4336BDF2905EE4700063677 /* Notifications.swift in Sources */,
				B4336C49290734BB00063677 /* Navigation.swift in Sources */,
				B4336BED2905EF9F00063677 /* RealmService.swift in Sources */,
				B404FAFD29232E2E00FB9A2B /* RuleViewer.swift in Sources */,
				B404FAFF292336D800FB9A2B /* String.swift in Sources */,
				B4336C2629071BC300063677 /* Application.swift in Sources */,
				B4336C45290733C900063677 /* PlayerColorSelector.swift in Sources */,
				B4336C3C290724E200063677 /* BigButton.swift in Sources */,
				B487E357290883A6004E6ACC /* PackCard.swift in Sources */,
				B4013651291DBEC8005DFE93 /* Time.swift in Sources */,
				B401364F291DBBF4005DFE93 /* Firebase+Auth.swift in Sources */,
				B404FB0A292844B300FB9A2B /* GameplayRow.swift in Sources */,
				B401363D291C604C005DFE93 /* GameplayViewModel.swift in Sources */,
				B487E35329088209004E6ACC /* Pack.swift in Sources */,
				B4013637291B0616005DFE93 /* InfiniteScroller.swift in Sources */,
				B4336BD92905EDEE00063677 /* ColorPalette.swift in Sources */,
				B4336BCF2905ECF500063677 /* LandingView.swift in Sources */,
				B4336BF52907102D00063677 /* AlertView.swift in Sources */,
				B487E35F290988F0004E6ACC /* DrinkingView.swift in Sources */,
				B4336BF329070E5600063677 /* Errors.swift in Sources */,
				B4336C47290733D200063677 /* PlayerTextField.swift in Sources */,
				B4013653291DC050005DFE93 /* Date.swift in Sources */,
				B4336BAC2905E2B600063677 /* AppDelegate.swift in Sources */,
				B4336C2A29071EF100063677 /* Binding.swift in Sources */,
				B4336B812905E11000063677 /* HackersApp.swift in Sources */,
				B487E35D290988EA004E6ACC /* GameplayView.swift in Sources */,
				B4336C222907158A00063677 /* Blur.swift in Sources */,
				B4336BDB2905EDF300063677 /* Haptics.swift in Sources */,
				B487E3552908823A004E6ACC /* Rule.swift in Sources */,
				B4336C3629071FDF00063677 /* Modifiers.swift in Sources */,
				B4336C3029071F3C00063677 /* Gesture.swift in Sources */,
				B487E3482908668A004E6ACC /* HoleDetailView.swift in Sources */,
				B401365B291DC536005DFE93 /* Firebase+Query.swift in Sources */,
				B4336C41290731CD00063677 /* Player.swift in Sources */,
				B487E34429084DC3004E6ACC /* HoleView.swift in Sources */,
				B4336C3A2907248100063677 /* BackButton.swift in Sources */,
				B4013649291DA888005DFE93 /* RuleEditorViewModel.swift in Sources */,
				B4336BEB2905EF8F00063677 /* FirebaseService.swift in Sources */,
				B4013642291C82EE005DFE93 /* SkeletonCard.swift in Sources */,
				B4013635291B05BA005DFE93 /* MarqueeTile.swift in Sources */,
				B4336C202907151700063677 /* Styling.swift in Sources */,
				B4013647291DA87E005DFE93 /* RuleEditorView.swift in Sources */,
				B487E35B29098675004E6ACC /* RuleService.swift in Sources */,
				B4336BF72907106800063677 /* Font.swift in Sources */,
				B404FB0429245C8C00FB9A2B /* Pretty.swift in Sources */,
				B4336BD32905ED4200063677 /* Alerts.swift in Sources */,
				B401363B291C5EF8005DFE93 /* CustomizeGamePlayView.swift in Sources */,
				B4013659291DC29B005DFE93 /* Firebase+Generic.swift in Sources */,
				B487E359290888C9004E6ACC /* _Mock.swift in Sources */,
				B4336BD52905ED5C00063677 /* Typealias.swift in Sources */,
				B487E34629086157004E6ACC /* Scroll.swift in Sources */,
				B4013655291DC21D005DFE93 /* Realm+Codable.swift in Sources */,
				B404FB06292819C600FB9A2B /* RuleFilter.swift in Sources */,
				B401364B291DB80E005DFE93 /* Firebase+Rules.swift in Sources */,
				B487E34A290866B3004E6ACC /* HoleDetails.swift in Sources */,
				B4336C2C29071F0F00063677 /* Bundle.swift in Sources */,
				B4336C3229071F6800063677 /* Toast.swift in Sources */,
				B4336C3F290729D300063677 /* Assets.swift in Sources */,
				B4336BDD2905EE0400063677 /* Constants.swift in Sources */,
				B4013644291C8986005DFE93 /* GameplayCard.swift in Sources */,
				B4336C2429071A5A00063677 /* AppSession.swift in Sources */,
			);
			runOnlyForDeploymentPostprocessing = 0;
		};
		B4336B8A2905E11100063677 /* Sources */ = {
			isa = PBXSourcesBuildPhase;
			buildActionMask = 2147483647;
			files = (
				B4336B932905E11100063677 /* HackersTests.swift in Sources */,
			);
			runOnlyForDeploymentPostprocessing = 0;
		};
/* End PBXSourcesBuildPhase section */

/* Begin PBXTargetDependency section */
		B4336B902905E11100063677 /* PBXTargetDependency */ = {
			isa = PBXTargetDependency;
			target = B4336B7C2905E11000063677 /* Hackers */;
			targetProxy = B4336B8F2905E11100063677 /* PBXContainerItemProxy */;
		};
/* End PBXTargetDependency section */

/* Begin XCBuildConfiguration section */
		B4336BA02905E11100063677 /* Debug */ = {
			isa = XCBuildConfiguration;
			buildSettings = {
				ALWAYS_SEARCH_USER_PATHS = NO;
				CLANG_ANALYZER_NONNULL = YES;
				CLANG_ANALYZER_NUMBER_OBJECT_CONVERSION = YES_AGGRESSIVE;
				CLANG_CXX_LANGUAGE_STANDARD = "gnu++20";
				CLANG_ENABLE_MODULES = YES;
				CLANG_ENABLE_OBJC_ARC = YES;
				CLANG_ENABLE_OBJC_WEAK = YES;
				CLANG_WARN_BLOCK_CAPTURE_AUTORELEASING = YES;
				CLANG_WARN_BOOL_CONVERSION = YES;
				CLANG_WARN_COMMA = YES;
				CLANG_WARN_CONSTANT_CONVERSION = YES;
				CLANG_WARN_DEPRECATED_OBJC_IMPLEMENTATIONS = YES;
				CLANG_WARN_DIRECT_OBJC_ISA_USAGE = YES_ERROR;
				CLANG_WARN_DOCUMENTATION_COMMENTS = YES;
				CLANG_WARN_EMPTY_BODY = YES;
				CLANG_WARN_ENUM_CONVERSION = YES;
				CLANG_WARN_INFINITE_RECURSION = YES;
				CLANG_WARN_INT_CONVERSION = YES;
				CLANG_WARN_NON_LITERAL_NULL_CONVERSION = YES;
				CLANG_WARN_OBJC_IMPLICIT_RETAIN_SELF = YES;
				CLANG_WARN_OBJC_LITERAL_CONVERSION = YES;
				CLANG_WARN_OBJC_ROOT_CLASS = YES_ERROR;
				CLANG_WARN_QUOTED_INCLUDE_IN_FRAMEWORK_HEADER = YES;
				CLANG_WARN_RANGE_LOOP_ANALYSIS = YES;
				CLANG_WARN_STRICT_PROTOTYPES = YES;
				CLANG_WARN_SUSPICIOUS_MOVE = YES;
				CLANG_WARN_UNGUARDED_AVAILABILITY = YES_AGGRESSIVE;
				CLANG_WARN_UNREACHABLE_CODE = YES;
				CLANG_WARN__DUPLICATE_METHOD_MATCH = YES;
				COPY_PHASE_STRIP = NO;
				DEBUG_INFORMATION_FORMAT = dwarf;
				ENABLE_STRICT_OBJC_MSGSEND = YES;
				ENABLE_TESTABILITY = YES;
				GCC_C_LANGUAGE_STANDARD = gnu11;
				GCC_DYNAMIC_NO_PIC = NO;
				GCC_NO_COMMON_BLOCKS = YES;
				GCC_OPTIMIZATION_LEVEL = 0;
				GCC_PREPROCESSOR_DEFINITIONS = (
					"DEBUG=1",
					"$(inherited)",
				);
				GCC_WARN_64_TO_32_BIT_CONVERSION = YES;
				GCC_WARN_ABOUT_RETURN_TYPE = YES_ERROR;
				GCC_WARN_UNDECLARED_SELECTOR = YES;
				GCC_WARN_UNINITIALIZED_AUTOS = YES_AGGRESSIVE;
				GCC_WARN_UNUSED_FUNCTION = YES;
				GCC_WARN_UNUSED_VARIABLE = YES;
				MTL_ENABLE_DEBUG_INFO = INCLUDE_SOURCE;
				MTL_FAST_MATH = YES;
				ONLY_ACTIVE_ARCH = YES;
				SWIFT_ACTIVE_COMPILATION_CONDITIONS = DEBUG;
				SWIFT_OPTIMIZATION_LEVEL = "-Onone";
			};
			name = Debug;
		};
		B4336BA12905E11100063677 /* Release */ = {
			isa = XCBuildConfiguration;
			buildSettings = {
				ALWAYS_SEARCH_USER_PATHS = NO;
				CLANG_ANALYZER_NONNULL = YES;
				CLANG_ANALYZER_NUMBER_OBJECT_CONVERSION = YES_AGGRESSIVE;
				CLANG_CXX_LANGUAGE_STANDARD = "gnu++20";
				CLANG_ENABLE_MODULES = YES;
				CLANG_ENABLE_OBJC_ARC = YES;
				CLANG_ENABLE_OBJC_WEAK = YES;
				CLANG_WARN_BLOCK_CAPTURE_AUTORELEASING = YES;
				CLANG_WARN_BOOL_CONVERSION = YES;
				CLANG_WARN_COMMA = YES;
				CLANG_WARN_CONSTANT_CONVERSION = YES;
				CLANG_WARN_DEPRECATED_OBJC_IMPLEMENTATIONS = YES;
				CLANG_WARN_DIRECT_OBJC_ISA_USAGE = YES_ERROR;
				CLANG_WARN_DOCUMENTATION_COMMENTS = YES;
				CLANG_WARN_EMPTY_BODY = YES;
				CLANG_WARN_ENUM_CONVERSION = YES;
				CLANG_WARN_INFINITE_RECURSION = YES;
				CLANG_WARN_INT_CONVERSION = YES;
				CLANG_WARN_NON_LITERAL_NULL_CONVERSION = YES;
				CLANG_WARN_OBJC_IMPLICIT_RETAIN_SELF = YES;
				CLANG_WARN_OBJC_LITERAL_CONVERSION = YES;
				CLANG_WARN_OBJC_ROOT_CLASS = YES_ERROR;
				CLANG_WARN_QUOTED_INCLUDE_IN_FRAMEWORK_HEADER = YES;
				CLANG_WARN_RANGE_LOOP_ANALYSIS = YES;
				CLANG_WARN_STRICT_PROTOTYPES = YES;
				CLANG_WARN_SUSPICIOUS_MOVE = YES;
				CLANG_WARN_UNGUARDED_AVAILABILITY = YES_AGGRESSIVE;
				CLANG_WARN_UNREACHABLE_CODE = YES;
				CLANG_WARN__DUPLICATE_METHOD_MATCH = YES;
				COPY_PHASE_STRIP = NO;
				DEBUG_INFORMATION_FORMAT = "dwarf-with-dsym";
				ENABLE_NS_ASSERTIONS = NO;
				ENABLE_STRICT_OBJC_MSGSEND = YES;
				GCC_C_LANGUAGE_STANDARD = gnu11;
				GCC_NO_COMMON_BLOCKS = YES;
				GCC_WARN_64_TO_32_BIT_CONVERSION = YES;
				GCC_WARN_ABOUT_RETURN_TYPE = YES_ERROR;
				GCC_WARN_UNDECLARED_SELECTOR = YES;
				GCC_WARN_UNINITIALIZED_AUTOS = YES_AGGRESSIVE;
				GCC_WARN_UNUSED_FUNCTION = YES;
				GCC_WARN_UNUSED_VARIABLE = YES;
				MTL_ENABLE_DEBUG_INFO = NO;
				MTL_FAST_MATH = YES;
				SWIFT_COMPILATION_MODE = wholemodule;
				SWIFT_OPTIMIZATION_LEVEL = "-O";
			};
			name = Release;
		};
		B4336BA32905E11100063677 /* Debug */ = {
			isa = XCBuildConfiguration;
			buildSettings = {
				ASSETCATALOG_COMPILER_APPICON_NAME = AppIcon;
				ASSETCATALOG_COMPILER_GLOBAL_ACCENT_COLOR_NAME = AccentColor;
				CODE_SIGN_ENTITLEMENTS = Hackers/Hackers.entitlements;
				CODE_SIGN_STYLE = Automatic;
				CURRENT_PROJECT_VERSION = 1;
				DEVELOPMENT_ASSET_PATHS = "";
				DEVELOPMENT_TEAM = 28EF5GR4R6;
				ENABLE_HARDENED_RUNTIME = YES;
				ENABLE_PREVIEWS = YES;
				GENERATE_INFOPLIST_FILE = YES;
				INFOPLIST_FILE = Hackers/Info.plist;
				"INFOPLIST_KEY_UIApplicationSceneManifest_Generation[sdk=iphoneos*]" = YES;
				"INFOPLIST_KEY_UIApplicationSceneManifest_Generation[sdk=iphonesimulator*]" = YES;
				"INFOPLIST_KEY_UIApplicationSupportsIndirectInputEvents[sdk=iphoneos*]" = YES;
				"INFOPLIST_KEY_UIApplicationSupportsIndirectInputEvents[sdk=iphonesimulator*]" = YES;
				"INFOPLIST_KEY_UILaunchScreen_Generation[sdk=iphoneos*]" = YES;
				"INFOPLIST_KEY_UILaunchScreen_Generation[sdk=iphonesimulator*]" = YES;
				"INFOPLIST_KEY_UIStatusBarStyle[sdk=iphoneos*]" = UIStatusBarStyleDefault;
				"INFOPLIST_KEY_UIStatusBarStyle[sdk=iphonesimulator*]" = UIStatusBarStyleDefault;
				INFOPLIST_KEY_UISupportedInterfaceOrientations = "UIInterfaceOrientationLandscapeLeft UIInterfaceOrientationPortrait UIInterfaceOrientationPortraitUpsideDown";
				INFOPLIST_KEY_UISupportedInterfaceOrientations_iPad = "UIInterfaceOrientationPortrait UIInterfaceOrientationPortraitUpsideDown";
				IPHONEOS_DEPLOYMENT_TARGET = 16.0;
				LD_RUNPATH_SEARCH_PATHS = "@executable_path/Frameworks";
				"LD_RUNPATH_SEARCH_PATHS[sdk=macosx*]" = "@executable_path/../Frameworks";
				MACOSX_DEPLOYMENT_TARGET = 12.3;
				MARKETING_VERSION = 1.0;
				PRODUCT_BUNDLE_IDENTIFIER = com.tigermindlabs.hackers;
				PRODUCT_NAME = "$(TARGET_NAME)";
				SDKROOT = auto;
				SUPPORTED_PLATFORMS = "iphoneos iphonesimulator macosx";
				SWIFT_EMIT_LOC_STRINGS = YES;
				SWIFT_VERSION = 5.0;
				TARGETED_DEVICE_FAMILY = "1,2";
			};
			name = Debug;
		};
		B4336BA42905E11100063677 /* Release */ = {
			isa = XCBuildConfiguration;
			buildSettings = {
				ASSETCATALOG_COMPILER_APPICON_NAME = AppIcon;
				ASSETCATALOG_COMPILER_GLOBAL_ACCENT_COLOR_NAME = AccentColor;
				CODE_SIGN_ENTITLEMENTS = Hackers/Hackers.entitlements;
				CODE_SIGN_STYLE = Automatic;
				CURRENT_PROJECT_VERSION = 1;
				DEVELOPMENT_ASSET_PATHS = "";
				DEVELOPMENT_TEAM = 28EF5GR4R6;
				ENABLE_HARDENED_RUNTIME = YES;
				ENABLE_PREVIEWS = YES;
				GENERATE_INFOPLIST_FILE = YES;
				INFOPLIST_FILE = Hackers/Info.plist;
				"INFOPLIST_KEY_UIApplicationSceneManifest_Generation[sdk=iphoneos*]" = YES;
				"INFOPLIST_KEY_UIApplicationSceneManifest_Generation[sdk=iphonesimulator*]" = YES;
				"INFOPLIST_KEY_UIApplicationSupportsIndirectInputEvents[sdk=iphoneos*]" = YES;
				"INFOPLIST_KEY_UIApplicationSupportsIndirectInputEvents[sdk=iphonesimulator*]" = YES;
				"INFOPLIST_KEY_UILaunchScreen_Generation[sdk=iphoneos*]" = YES;
				"INFOPLIST_KEY_UILaunchScreen_Generation[sdk=iphonesimulator*]" = YES;
				"INFOPLIST_KEY_UIStatusBarStyle[sdk=iphoneos*]" = UIStatusBarStyleDefault;
				"INFOPLIST_KEY_UIStatusBarStyle[sdk=iphonesimulator*]" = UIStatusBarStyleDefault;
				INFOPLIST_KEY_UISupportedInterfaceOrientations = "UIInterfaceOrientationLandscapeLeft UIInterfaceOrientationPortrait UIInterfaceOrientationPortraitUpsideDown";
				INFOPLIST_KEY_UISupportedInterfaceOrientations_iPad = "UIInterfaceOrientationPortrait UIInterfaceOrientationPortraitUpsideDown";
				IPHONEOS_DEPLOYMENT_TARGET = 16.0;
				LD_RUNPATH_SEARCH_PATHS = "@executable_path/Frameworks";
				"LD_RUNPATH_SEARCH_PATHS[sdk=macosx*]" = "@executable_path/../Frameworks";
				MACOSX_DEPLOYMENT_TARGET = 12.3;
				MARKETING_VERSION = 1.0;
				PRODUCT_BUNDLE_IDENTIFIER = com.tigermindlabs.hackers;
				PRODUCT_NAME = "$(TARGET_NAME)";
				SDKROOT = auto;
				SUPPORTED_PLATFORMS = "iphoneos iphonesimulator macosx";
				SWIFT_EMIT_LOC_STRINGS = YES;
				SWIFT_VERSION = 5.0;
				TARGETED_DEVICE_FAMILY = "1,2";
			};
			name = Release;
		};
		B4336BA62905E11100063677 /* Debug */ = {
			isa = XCBuildConfiguration;
			buildSettings = {
				ALWAYS_EMBED_SWIFT_STANDARD_LIBRARIES = YES;
				BUNDLE_LOADER = "$(TEST_HOST)";
				CODE_SIGN_STYLE = Automatic;
				CURRENT_PROJECT_VERSION = 1;
				DEVELOPMENT_TEAM = 28EF5GR4R6;
				GENERATE_INFOPLIST_FILE = YES;
				IPHONEOS_DEPLOYMENT_TARGET = 16.0;
				MACOSX_DEPLOYMENT_TARGET = 12.3;
				MARKETING_VERSION = 1.0;
				PRODUCT_BUNDLE_IDENTIFIER = com.tigermindlabs.HackersTests;
				PRODUCT_NAME = "$(TARGET_NAME)";
				SDKROOT = auto;
				SUPPORTED_PLATFORMS = "iphoneos iphonesimulator macosx";
				SWIFT_EMIT_LOC_STRINGS = NO;
				SWIFT_VERSION = 5.0;
				TARGETED_DEVICE_FAMILY = "1,2";
				TEST_HOST = "$(BUILT_PRODUCTS_DIR)/Hackers.app/$(BUNDLE_EXECUTABLE_FOLDER_PATH)/Hackers";
			};
			name = Debug;
		};
		B4336BA72905E11100063677 /* Release */ = {
			isa = XCBuildConfiguration;
			buildSettings = {
				ALWAYS_EMBED_SWIFT_STANDARD_LIBRARIES = YES;
				BUNDLE_LOADER = "$(TEST_HOST)";
				CODE_SIGN_STYLE = Automatic;
				CURRENT_PROJECT_VERSION = 1;
				DEVELOPMENT_TEAM = 28EF5GR4R6;
				GENERATE_INFOPLIST_FILE = YES;
				IPHONEOS_DEPLOYMENT_TARGET = 16.0;
				MACOSX_DEPLOYMENT_TARGET = 12.3;
				MARKETING_VERSION = 1.0;
				PRODUCT_BUNDLE_IDENTIFIER = com.tigermindlabs.HackersTests;
				PRODUCT_NAME = "$(TARGET_NAME)";
				SDKROOT = auto;
				SUPPORTED_PLATFORMS = "iphoneos iphonesimulator macosx";
				SWIFT_EMIT_LOC_STRINGS = NO;
				SWIFT_VERSION = 5.0;
				TARGETED_DEVICE_FAMILY = "1,2";
				TEST_HOST = "$(BUILT_PRODUCTS_DIR)/Hackers.app/$(BUNDLE_EXECUTABLE_FOLDER_PATH)/Hackers";
			};
			name = Release;
		};
/* End XCBuildConfiguration section */

/* Begin XCConfigurationList section */
		B4336B782905E11000063677 /* Build configuration list for PBXProject "Hackers" */ = {
			isa = XCConfigurationList;
			buildConfigurations = (
				B4336BA02905E11100063677 /* Debug */,
				B4336BA12905E11100063677 /* Release */,
			);
			defaultConfigurationIsVisible = 0;
			defaultConfigurationName = Release;
		};
		B4336BA22905E11100063677 /* Build configuration list for PBXNativeTarget "Hackers" */ = {
			isa = XCConfigurationList;
			buildConfigurations = (
				B4336BA32905E11100063677 /* Debug */,
				B4336BA42905E11100063677 /* Release */,
			);
			defaultConfigurationIsVisible = 0;
			defaultConfigurationName = Release;
		};
		B4336BA52905E11100063677 /* Build configuration list for PBXNativeTarget "HackersTests" */ = {
			isa = XCConfigurationList;
			buildConfigurations = (
				B4336BA62905E11100063677 /* Debug */,
				B4336BA72905E11100063677 /* Release */,
			);
			defaultConfigurationIsVisible = 0;
			defaultConfigurationName = Release;
		};
/* End XCConfigurationList section */

/* Begin XCRemoteSwiftPackageReference section */
		B401363E291C82C6005DFE93 /* XCRemoteSwiftPackageReference "SkeletonUI" */ = {
			isa = XCRemoteSwiftPackageReference;
			repositoryURL = "https://github.com/CSolanaM/SkeletonUI";
			requirement = {
				kind = upToNextMajorVersion;
				minimumVersion = 1.0.0;
			};
		};
		B404FB0029245C7E00FB9A2B /* XCRemoteSwiftPackageReference "SwiftPrettyPrint" */ = {
			isa = XCRemoteSwiftPackageReference;
			repositoryURL = "https://github.com/YusukeHosonuma/SwiftPrettyPrint";
			requirement = {
				kind = upToNextMajorVersion;
				minimumVersion = 1.0.0;
			};
		};
		B4336BAD2905E7E900063677 /* XCRemoteSwiftPackageReference "GoogleSignIn-iOS" */ = {
			isa = XCRemoteSwiftPackageReference;
			repositoryURL = "https://github.com/google/GoogleSignIn-iOS";
			requirement = {
				kind = upToNextMajorVersion;
				minimumVersion = 6.0.0;
			};
		};
		B4336BB22905E85300063677 /* XCRemoteSwiftPackageReference "firebase-ios-sdk" */ = {
			isa = XCRemoteSwiftPackageReference;
			repositoryURL = "https://github.com/firebase/firebase-ios-sdk.git";
			requirement = {
				kind = upToNextMajorVersion;
				minimumVersion = 9.0.0;
			};
		};
		B4336BBD2905E8B200063677 /* XCRemoteSwiftPackageReference "realm-swift" */ = {
			isa = XCRemoteSwiftPackageReference;
			repositoryURL = "https://github.com/realm/realm-swift.git";
			requirement = {
				branch = master;
				kind = branch;
			};
		};
		B4336BC22905E8E500063677 /* XCRemoteSwiftPackageReference "AlertToast" */ = {
			isa = XCRemoteSwiftPackageReference;
			repositoryURL = "https://github.com/elai950/AlertToast";
			requirement = {
				kind = upToNextMajorVersion;
				minimumVersion = 1.0.0;
			};
		};
		B4336BC52905E97800063677 /* XCRemoteSwiftPackageReference "sentry-cocoa" */ = {
			isa = XCRemoteSwiftPackageReference;
			repositoryURL = "https://github.com/getsentry/sentry-cocoa";
			requirement = {
				kind = upToNextMajorVersion;
				minimumVersion = 7.0.0;
			};
		};
		B4336C4A290736B200063677 /* XCRemoteSwiftPackageReference "SwiftUI-Introspect" */ = {
			isa = XCRemoteSwiftPackageReference;
			repositoryURL = "https://github.com/siteline/SwiftUI-Introspect";
			requirement = {
				branch = master;
				kind = branch;
			};
		};
/* End XCRemoteSwiftPackageReference section */

/* Begin XCSwiftPackageProductDependency section */
		B401363F291C82C6005DFE93 /* SkeletonUI */ = {
			isa = XCSwiftPackageProductDependency;
			package = B401363E291C82C6005DFE93 /* XCRemoteSwiftPackageReference "SkeletonUI" */;
			productName = SkeletonUI;
		};
		B404FB0129245C7E00FB9A2B /* SwiftPrettyPrint */ = {
			isa = XCSwiftPackageProductDependency;
			package = B404FB0029245C7E00FB9A2B /* XCRemoteSwiftPackageReference "SwiftPrettyPrint" */;
			productName = SwiftPrettyPrint;
		};
		B4336BAE2905E7E900063677 /* GoogleSignIn */ = {
			isa = XCSwiftPackageProductDependency;
			package = B4336BAD2905E7E900063677 /* XCRemoteSwiftPackageReference "GoogleSignIn-iOS" */;
			productName = GoogleSignIn;
		};
		B4336BB02905E7E900063677 /* GoogleSignInSwift */ = {
			isa = XCSwiftPackageProductDependency;
			package = B4336BAD2905E7E900063677 /* XCRemoteSwiftPackageReference "GoogleSignIn-iOS" */;
			productName = GoogleSignInSwift;
		};
		B4336BB32905E85300063677 /* FirebaseAnalytics */ = {
			isa = XCSwiftPackageProductDependency;
			package = B4336BB22905E85300063677 /* XCRemoteSwiftPackageReference "firebase-ios-sdk" */;
			productName = FirebaseAnalytics;
		};
		B4336BB52905E85300063677 /* FirebaseAnalyticsSwift */ = {
			isa = XCSwiftPackageProductDependency;
			package = B4336BB22905E85300063677 /* XCRemoteSwiftPackageReference "firebase-ios-sdk" */;
			productName = FirebaseAnalyticsSwift;
		};
		B4336BB72905E85300063677 /* FirebaseAuth */ = {
			isa = XCSwiftPackageProductDependency;
			package = B4336BB22905E85300063677 /* XCRemoteSwiftPackageReference "firebase-ios-sdk" */;
			productName = FirebaseAuth;
		};
		B4336BB92905E85300063677 /* FirebaseFirestore */ = {
			isa = XCSwiftPackageProductDependency;
			package = B4336BB22905E85300063677 /* XCRemoteSwiftPackageReference "firebase-ios-sdk" */;
			productName = FirebaseFirestore;
		};
		B4336BBB2905E85300063677 /* FirebaseFirestoreSwift */ = {
			isa = XCSwiftPackageProductDependency;
			package = B4336BB22905E85300063677 /* XCRemoteSwiftPackageReference "firebase-ios-sdk" */;
			productName = FirebaseFirestoreSwift;
		};
		B4336BBE2905E8B200063677 /* Realm */ = {
			isa = XCSwiftPackageProductDependency;
			package = B4336BBD2905E8B200063677 /* XCRemoteSwiftPackageReference "realm-swift" */;
			productName = Realm;
		};
		B4336BC02905E8B200063677 /* RealmSwift */ = {
			isa = XCSwiftPackageProductDependency;
			package = B4336BBD2905E8B200063677 /* XCRemoteSwiftPackageReference "realm-swift" */;
			productName = RealmSwift;
		};
		B4336BC32905E8E500063677 /* AlertToast */ = {
			isa = XCSwiftPackageProductDependency;
			package = B4336BC22905E8E500063677 /* XCRemoteSwiftPackageReference "AlertToast" */;
			productName = AlertToast;
		};
		B4336BC62905E97800063677 /* Sentry */ = {
			isa = XCSwiftPackageProductDependency;
			package = B4336BC52905E97800063677 /* XCRemoteSwiftPackageReference "sentry-cocoa" */;
			productName = Sentry;
		};
		B4336C4B290736B200063677 /* Introspect */ = {
			isa = XCSwiftPackageProductDependency;
			package = B4336C4A290736B200063677 /* XCRemoteSwiftPackageReference "SwiftUI-Introspect" */;
			productName = Introspect;
		};
/* End XCSwiftPackageProductDependency section */
	};
	rootObject = B4336B752905E11000063677 /* Project object */;
}
